// !$*UTF8*$!
{
	archiveVersion = 1;
	classes = {
	};
	objectVersion = 55;
	objects = {

/* Begin PBXBuildFile section */
		A908C458282BA7F4002C269D /* main.swift in Sources */ = {isa = PBXBuildFile; fileRef = A908C457282BA7F4002C269D /* main.swift */; };
		A927B04528291F1A0091CE57 /* main.swift in Sources */ = {isa = PBXBuildFile; fileRef = A927B04428291F1A0091CE57 /* main.swift */; };
		A92B98D62831119C00634DA0 /* main.swift in Sources */ = {isa = PBXBuildFile; fileRef = A92B98D52831119C00634DA0 /* main.swift */; };
		A92BEA31282D19AA00827765 /* main.swift in Sources */ = {isa = PBXBuildFile; fileRef = A92BEA30282D19AA00827765 /* main.swift */; };
		A92F5275282110FE00656E6F /* main.swift in Sources */ = {isa = PBXBuildFile; fileRef = A92F5274282110FE00656E6F /* main.swift */; };
		A93522A5282E6BC50006B3C0 /* main.swift in Sources */ = {isa = PBXBuildFile; fileRef = A93522A4282E6BC50006B3C0 /* main.swift */; };
		A9406C492824DFA7000D29DD /* main.swift in Sources */ = {isa = PBXBuildFile; fileRef = A9406C482824DFA7000D29DD /* main.swift */; };
		A942F75B282A0A6D0011DAF6 /* main.swift in Sources */ = {isa = PBXBuildFile; fileRef = A942F75A282A0A6D0011DAF6 /* main.swift */; };
		A952C43C2827D24500FB1308 /* main.swift in Sources */ = {isa = PBXBuildFile; fileRef = A952C43B2827D24500FB1308 /* main.swift */; };
		A952C4472827D45A00FB1308 /* main.swift in Sources */ = {isa = PBXBuildFile; fileRef = A952C4462827D45A00FB1308 /* main.swift */; };
		A952C4522827DE2C00FB1308 /* main.swift in Sources */ = {isa = PBXBuildFile; fileRef = A952C4512827DE2C00FB1308 /* main.swift */; };
		A95650E5281FFD1C00F7FECA /* main.swift in Sources */ = {isa = PBXBuildFile; fileRef = A95650E4281FFD1C00F7FECA /* main.swift */; };
		A962CA0E282223CC00EBB658 /* main.swift in Sources */ = {isa = PBXBuildFile; fileRef = A962CA0D282223CC00EBB658 /* main.swift */; };
		A972B0B8281BF34D00765E3E /* main.swift in Sources */ = {isa = PBXBuildFile; fileRef = A972B0B7281BF34D00765E3E /* main.swift */; };
		A972B0C5281BF49E00765E3E /* main.swift in Sources */ = {isa = PBXBuildFile; fileRef = A972B0C4281BF49E00765E3E /* main.swift */; };
		A972B0E6281BF80A00765E3E /* main.swift in Sources */ = {isa = PBXBuildFile; fileRef = A972B0E5281BF80A00765E3E /* main.swift */; };
		A97B3447282F8E44007E9497 /* main.swift in Sources */ = {isa = PBXBuildFile; fileRef = A97B3446282F8E44007E9497 /* main.swift */; };
		A990DE69282611FB00B7BFB6 /* main.swift in Sources */ = {isa = PBXBuildFile; fileRef = A990DE68282611FB00B7BFB6 /* main.swift */; };
		A9B9AF092823818E00DE7630 /* main.swift in Sources */ = {isa = PBXBuildFile; fileRef = A9B9AF082823818E00DE7630 /* main.swift */; };
/* End PBXBuildFile section */

/* Begin PBXCopyFilesBuildPhase section */
		A908C453282BA7F4002C269D /* CopyFiles */ = {
			isa = PBXCopyFilesBuildPhase;
			buildActionMask = 2147483647;
			dstPath = /usr/share/man/man1/;
			dstSubfolderSpec = 0;
			files = (
			);
			runOnlyForDeploymentPostprocessing = 1;
		};
		A927B04028291F1A0091CE57 /* CopyFiles */ = {
			isa = PBXCopyFilesBuildPhase;
			buildActionMask = 2147483647;
			dstPath = /usr/share/man/man1/;
			dstSubfolderSpec = 0;
			files = (
			);
			runOnlyForDeploymentPostprocessing = 1;
		};
		A92B98D12831119C00634DA0 /* CopyFiles */ = {
			isa = PBXCopyFilesBuildPhase;
			buildActionMask = 2147483647;
			dstPath = /usr/share/man/man1/;
			dstSubfolderSpec = 0;
			files = (
			);
			runOnlyForDeploymentPostprocessing = 1;
		};
		A92BEA2C282D19AA00827765 /* CopyFiles */ = {
			isa = PBXCopyFilesBuildPhase;
			buildActionMask = 2147483647;
			dstPath = /usr/share/man/man1/;
			dstSubfolderSpec = 0;
			files = (
			);
			runOnlyForDeploymentPostprocessing = 1;
		};
		A92F5270282110FE00656E6F /* CopyFiles */ = {
			isa = PBXCopyFilesBuildPhase;
			buildActionMask = 2147483647;
			dstPath = /usr/share/man/man1/;
			dstSubfolderSpec = 0;
			files = (
			);
			runOnlyForDeploymentPostprocessing = 1;
		};
		A93522A0282E6BC50006B3C0 /* CopyFiles */ = {
			isa = PBXCopyFilesBuildPhase;
			buildActionMask = 2147483647;
			dstPath = /usr/share/man/man1/;
			dstSubfolderSpec = 0;
			files = (
			);
			runOnlyForDeploymentPostprocessing = 1;
		};
		A9406C442824DFA7000D29DD /* CopyFiles */ = {
			isa = PBXCopyFilesBuildPhase;
			buildActionMask = 2147483647;
			dstPath = /usr/share/man/man1/;
			dstSubfolderSpec = 0;
			files = (
			);
			runOnlyForDeploymentPostprocessing = 1;
		};
		A942F756282A0A6D0011DAF6 /* CopyFiles */ = {
			isa = PBXCopyFilesBuildPhase;
			buildActionMask = 2147483647;
			dstPath = /usr/share/man/man1/;
			dstSubfolderSpec = 0;
			files = (
			);
			runOnlyForDeploymentPostprocessing = 1;
		};
		A952C4372827D24500FB1308 /* CopyFiles */ = {
			isa = PBXCopyFilesBuildPhase;
			buildActionMask = 2147483647;
			dstPath = /usr/share/man/man1/;
			dstSubfolderSpec = 0;
			files = (
			);
			runOnlyForDeploymentPostprocessing = 1;
		};
		A952C4422827D45A00FB1308 /* CopyFiles */ = {
			isa = PBXCopyFilesBuildPhase;
			buildActionMask = 2147483647;
			dstPath = /usr/share/man/man1/;
			dstSubfolderSpec = 0;
			files = (
			);
			runOnlyForDeploymentPostprocessing = 1;
		};
		A952C44D2827DE2C00FB1308 /* CopyFiles */ = {
			isa = PBXCopyFilesBuildPhase;
			buildActionMask = 2147483647;
			dstPath = /usr/share/man/man1/;
			dstSubfolderSpec = 0;
			files = (
			);
			runOnlyForDeploymentPostprocessing = 1;
		};
		A95650E0281FFD1C00F7FECA /* CopyFiles */ = {
			isa = PBXCopyFilesBuildPhase;
			buildActionMask = 2147483647;
			dstPath = /usr/share/man/man1/;
			dstSubfolderSpec = 0;
			files = (
			);
			runOnlyForDeploymentPostprocessing = 1;
		};
		A962CA09282223CC00EBB658 /* CopyFiles */ = {
			isa = PBXCopyFilesBuildPhase;
			buildActionMask = 2147483647;
			dstPath = /usr/share/man/man1/;
			dstSubfolderSpec = 0;
			files = (
			);
			runOnlyForDeploymentPostprocessing = 1;
		};
		A972B0B2281BF34D00765E3E /* CopyFiles */ = {
			isa = PBXCopyFilesBuildPhase;
			buildActionMask = 2147483647;
			dstPath = /usr/share/man/man1/;
			dstSubfolderSpec = 0;
			files = (
			);
			runOnlyForDeploymentPostprocessing = 1;
		};
		A972B0C0281BF49E00765E3E /* CopyFiles */ = {
			isa = PBXCopyFilesBuildPhase;
			buildActionMask = 2147483647;
			dstPath = /usr/share/man/man1/;
			dstSubfolderSpec = 0;
			files = (
			);
			runOnlyForDeploymentPostprocessing = 1;
		};
		A972B0E1281BF80A00765E3E /* CopyFiles */ = {
			isa = PBXCopyFilesBuildPhase;
			buildActionMask = 2147483647;
			dstPath = /usr/share/man/man1/;
			dstSubfolderSpec = 0;
			files = (
			);
			runOnlyForDeploymentPostprocessing = 1;
		};
		A97B3442282F8E44007E9497 /* CopyFiles */ = {
			isa = PBXCopyFilesBuildPhase;
			buildActionMask = 2147483647;
			dstPath = /usr/share/man/man1/;
			dstSubfolderSpec = 0;
			files = (
			);
			runOnlyForDeploymentPostprocessing = 1;
		};
		A990DE64282611FB00B7BFB6 /* CopyFiles */ = {
			isa = PBXCopyFilesBuildPhase;
			buildActionMask = 2147483647;
			dstPath = /usr/share/man/man1/;
			dstSubfolderSpec = 0;
			files = (
			);
			runOnlyForDeploymentPostprocessing = 1;
		};
		A9B9AF042823818E00DE7630 /* CopyFiles */ = {
			isa = PBXCopyFilesBuildPhase;
			buildActionMask = 2147483647;
			dstPath = /usr/share/man/man1/;
			dstSubfolderSpec = 0;
			files = (
			);
			runOnlyForDeploymentPostprocessing = 1;
		};
/* End PBXCopyFilesBuildPhase section */

/* Begin PBXFileReference section */
		A908C455282BA7F4002C269D /* KthNumber */ = {isa = PBXFileReference; explicitFileType = "compiled.mach-o.executable"; includeInIndex = 0; path = KthNumber; sourceTree = BUILT_PRODUCTS_DIR; };
		A908C457282BA7F4002C269D /* main.swift */ = {isa = PBXFileReference; lastKnownFileType = sourcecode.swift; path = main.swift; sourceTree = "<group>"; };
		A927B04228291F1A0091CE57 /* NumberOfPAndYInString */ = {isa = PBXFileReference; explicitFileType = "compiled.mach-o.executable"; includeInIndex = 0; path = NumberOfPAndYInString; sourceTree = BUILT_PRODUCTS_DIR; };
		A927B04428291F1A0091CE57 /* main.swift */ = {isa = PBXFileReference; lastKnownFileType = sourcecode.swift; path = main.swift; sourceTree = "<group>"; };
		A92B98D32831119C00634DA0 /* MinimumRectangle */ = {isa = PBXFileReference; explicitFileType = "compiled.mach-o.executable"; includeInIndex = 0; path = MinimumRectangle; sourceTree = BUILT_PRODUCTS_DIR; };
		A92B98D52831119C00634DA0 /* main.swift */ = {isa = PBXFileReference; lastKnownFileType = sourcecode.swift; path = main.swift; sourceTree = "<group>"; };
		A92BEA2E282D19AA00827765 /* DivisibleArrayOfNumbers */ = {isa = PBXFileReference; explicitFileType = "compiled.mach-o.executable"; includeInIndex = 0; path = DivisibleArrayOfNumbers; sourceTree = BUILT_PRODUCTS_DIR; };
		A92BEA30282D19AA00827765 /* main.swift */ = {isa = PBXFileReference; lastKnownFileType = sourcecode.swift; path = main.swift; sourceTree = "<group>"; };
		A92F5272282110FE00656E6F /* HidePhoneNumber */ = {isa = PBXFileReference; explicitFileType = "compiled.mach-o.executable"; includeInIndex = 0; path = HidePhoneNumber; sourceTree = BUILT_PRODUCTS_DIR; };
		A92F5274282110FE00656E6F /* main.swift */ = {isa = PBXFileReference; lastKnownFileType = sourcecode.swift; path = main.swift; sourceTree = "<group>"; };
		A93522A2282E6BC50006B3C0 /* PickTwoAndAddIt */ = {isa = PBXFileReference; explicitFileType = "compiled.mach-o.executable"; includeInIndex = 0; path = PickTwoAndAddIt; sourceTree = BUILT_PRODUCTS_DIR; };
		A93522A4282E6BC50006B3C0 /* main.swift */ = {isa = PBXFileReference; lastKnownFileType = sourcecode.swift; path = main.swift; sourceTree = "<group>"; };
		A9406C462824DFA7000D29DD /* CountAndSumOfDivisor */ = {isa = PBXFileReference; explicitFileType = "compiled.mach-o.executable"; includeInIndex = 0; path = CountAndSumOfDivisor; sourceTree = BUILT_PRODUCTS_DIR; };
		A9406C482824DFA7000D29DD /* main.swift */ = {isa = PBXFileReference; lastKnownFileType = sourcecode.swift; path = main.swift; sourceTree = "<group>"; };
		A942F758282A0A6D0011DAF6 /* CaesarCode */ = {isa = PBXFileReference; explicitFileType = "compiled.mach-o.executable"; includeInIndex = 0; path = CaesarCode; sourceTree = BUILT_PRODUCTS_DIR; };
		A942F75A282A0A6D0011DAF6 /* main.swift */ = {isa = PBXFileReference; lastKnownFileType = sourcecode.swift; path = main.swift; sourceTree = "<group>"; };
		A952C4392827D24500FB1308 /* FindForKim */ = {isa = PBXFileReference; explicitFileType = "compiled.mach-o.executable"; includeInIndex = 0; path = FindForKim; sourceTree = BUILT_PRODUCTS_DIR; };
		A952C43B2827D24500FB1308 /* main.swift */ = {isa = PBXFileReference; lastKnownFileType = sourcecode.swift; path = main.swift; sourceTree = "<group>"; };
		A952C4442827D45A00FB1308 /* SumOfPositionalNumber */ = {isa = PBXFileReference; explicitFileType = "compiled.mach-o.executable"; includeInIndex = 0; path = SumOfPositionalNumber; sourceTree = BUILT_PRODUCTS_DIR; };
		A952C4462827D45A00FB1308 /* main.swift */ = {isa = PBXFileReference; lastKnownFileType = sourcecode.swift; path = main.swift; sourceTree = "<group>"; };
		A952C44F2827DE2C00FB1308 /* IntegerDescendingSort */ = {isa = PBXFileReference; explicitFileType = "compiled.mach-o.executable"; includeInIndex = 0; path = IntegerDescendingSort; sourceTree = BUILT_PRODUCTS_DIR; };
		A952C4512827DE2C00FB1308 /* main.swift */ = {isa = PBXFileReference; lastKnownFileType = sourcecode.swift; path = main.swift; sourceTree = "<group>"; };
		A95650E2281FFD1C00F7FECA /* FindTheNumberRemaining 1 */ = {isa = PBXFileReference; explicitFileType = "compiled.mach-o.executable"; includeInIndex = 0; path = "FindTheNumberRemaining 1"; sourceTree = BUILT_PRODUCTS_DIR; };
		A95650E4281FFD1C00F7FECA /* main.swift */ = {isa = PBXFileReference; lastKnownFileType = sourcecode.swift; path = main.swift; sourceTree = "<group>"; };
		A962CA0B282223CC00EBB658 /* SortStringsInDescendingOrder */ = {isa = PBXFileReference; explicitFileType = "compiled.mach-o.executable"; includeInIndex = 0; path = SortStringsInDescendingOrder; sourceTree = BUILT_PRODUCTS_DIR; };
		A962CA0D282223CC00EBB658 /* main.swift */ = {isa = PBXFileReference; lastKnownFileType = sourcecode.swift; path = main.swift; sourceTree = "<group>"; };
		A972B0B4281BF34D00765E3E /* programmersAlgorithm */ = {isa = PBXFileReference; explicitFileType = "compiled.mach-o.executable"; includeInIndex = 0; path = programmersAlgorithm; sourceTree = BUILT_PRODUCTS_DIR; };
		A972B0B7281BF34D00765E3E /* main.swift */ = {isa = PBXFileReference; lastKnownFileType = sourcecode.swift; path = main.swift; sourceTree = "<group>"; };
		A972B0C2281BF49E00765E3E /* FromStringToInt */ = {isa = PBXFileReference; explicitFileType = "compiled.mach-o.executable"; includeInIndex = 0; path = FromStringToInt; sourceTree = BUILT_PRODUCTS_DIR; };
		A972B0C4281BF49E00765E3E /* main.swift */ = {isa = PBXFileReference; lastKnownFileType = sourcecode.swift; path = main.swift; sourceTree = "<group>"; };
		A972B0E3281BF80A00765E3E /* FindPrimeNumbers */ = {isa = PBXFileReference; explicitFileType = "compiled.mach-o.executable"; includeInIndex = 0; path = FindPrimeNumbers; sourceTree = BUILT_PRODUCTS_DIR; };
		A972B0E5281BF80A00765E3E /* main.swift */ = {isa = PBXFileReference; lastKnownFileType = sourcecode.swift; path = main.swift; sourceTree = "<group>"; };
		A97B3444282F8E44007E9497 /* GCDAndLCM */ = {isa = PBXFileReference; explicitFileType = "compiled.mach-o.executable"; includeInIndex = 0; path = GCDAndLCM; sourceTree = BUILT_PRODUCTS_DIR; };
		A97B3446282F8E44007E9497 /* main.swift */ = {isa = PBXFileReference; lastKnownFileType = sourcecode.swift; path = main.swift; sourceTree = "<group>"; };
		A990DE66282611FB00B7BFB6 /* RemoveTheSmallestNumber */ = {isa = PBXFileReference; explicitFileType = "compiled.mach-o.executable"; includeInIndex = 0; path = RemoveTheSmallestNumber; sourceTree = BUILT_PRODUCTS_DIR; };
		A990DE68282611FB00B7BFB6 /* main.swift */ = {isa = PBXFileReference; lastKnownFileType = sourcecode.swift; path = main.swift; sourceTree = "<group>"; };
		A9B9AF062823818E00DE7630 /* SumOfDivisor */ = {isa = PBXFileReference; explicitFileType = "compiled.mach-o.executable"; includeInIndex = 0; path = SumOfDivisor; sourceTree = BUILT_PRODUCTS_DIR; };
		A9B9AF082823818E00DE7630 /* main.swift */ = {isa = PBXFileReference; lastKnownFileType = sourcecode.swift; path = main.swift; sourceTree = "<group>"; };
/* End PBXFileReference section */

/* Begin PBXFrameworksBuildPhase section */
		A908C452282BA7F4002C269D /* Frameworks */ = {
			isa = PBXFrameworksBuildPhase;
			buildActionMask = 2147483647;
			files = (
			);
			runOnlyForDeploymentPostprocessing = 0;
		};
		A927B03F28291F1A0091CE57 /* Frameworks */ = {
			isa = PBXFrameworksBuildPhase;
			buildActionMask = 2147483647;
			files = (
			);
			runOnlyForDeploymentPostprocessing = 0;
		};
		A92B98D02831119C00634DA0 /* Frameworks */ = {
			isa = PBXFrameworksBuildPhase;
			buildActionMask = 2147483647;
			files = (
			);
			runOnlyForDeploymentPostprocessing = 0;
		};
		A92BEA2B282D19AA00827765 /* Frameworks */ = {
			isa = PBXFrameworksBuildPhase;
			buildActionMask = 2147483647;
			files = (
			);
			runOnlyForDeploymentPostprocessing = 0;
		};
		A92F526F282110FE00656E6F /* Frameworks */ = {
			isa = PBXFrameworksBuildPhase;
			buildActionMask = 2147483647;
			files = (
			);
			runOnlyForDeploymentPostprocessing = 0;
		};
		A935229F282E6BC50006B3C0 /* Frameworks */ = {
			isa = PBXFrameworksBuildPhase;
			buildActionMask = 2147483647;
			files = (
			);
			runOnlyForDeploymentPostprocessing = 0;
		};
		A9406C432824DFA7000D29DD /* Frameworks */ = {
			isa = PBXFrameworksBuildPhase;
			buildActionMask = 2147483647;
			files = (
			);
			runOnlyForDeploymentPostprocessing = 0;
		};
		A942F755282A0A6D0011DAF6 /* Frameworks */ = {
			isa = PBXFrameworksBuildPhase;
			buildActionMask = 2147483647;
			files = (
			);
			runOnlyForDeploymentPostprocessing = 0;
		};
		A952C4362827D24500FB1308 /* Frameworks */ = {
			isa = PBXFrameworksBuildPhase;
			buildActionMask = 2147483647;
			files = (
			);
			runOnlyForDeploymentPostprocessing = 0;
		};
		A952C4412827D45A00FB1308 /* Frameworks */ = {
			isa = PBXFrameworksBuildPhase;
			buildActionMask = 2147483647;
			files = (
			);
			runOnlyForDeploymentPostprocessing = 0;
		};
		A952C44C2827DE2C00FB1308 /* Frameworks */ = {
			isa = PBXFrameworksBuildPhase;
			buildActionMask = 2147483647;
			files = (
			);
			runOnlyForDeploymentPostprocessing = 0;
		};
		A95650DF281FFD1C00F7FECA /* Frameworks */ = {
			isa = PBXFrameworksBuildPhase;
			buildActionMask = 2147483647;
			files = (
			);
			runOnlyForDeploymentPostprocessing = 0;
		};
		A962CA08282223CC00EBB658 /* Frameworks */ = {
			isa = PBXFrameworksBuildPhase;
			buildActionMask = 2147483647;
			files = (
			);
			runOnlyForDeploymentPostprocessing = 0;
		};
		A972B0B1281BF34D00765E3E /* Frameworks */ = {
			isa = PBXFrameworksBuildPhase;
			buildActionMask = 2147483647;
			files = (
			);
			runOnlyForDeploymentPostprocessing = 0;
		};
		A972B0BF281BF49E00765E3E /* Frameworks */ = {
			isa = PBXFrameworksBuildPhase;
			buildActionMask = 2147483647;
			files = (
			);
			runOnlyForDeploymentPostprocessing = 0;
		};
		A972B0E0281BF80A00765E3E /* Frameworks */ = {
			isa = PBXFrameworksBuildPhase;
			buildActionMask = 2147483647;
			files = (
			);
			runOnlyForDeploymentPostprocessing = 0;
		};
		A97B3441282F8E44007E9497 /* Frameworks */ = {
			isa = PBXFrameworksBuildPhase;
			buildActionMask = 2147483647;
			files = (
			);
			runOnlyForDeploymentPostprocessing = 0;
		};
		A990DE63282611FB00B7BFB6 /* Frameworks */ = {
			isa = PBXFrameworksBuildPhase;
			buildActionMask = 2147483647;
			files = (
			);
			runOnlyForDeploymentPostprocessing = 0;
		};
		A9B9AF032823818E00DE7630 /* Frameworks */ = {
			isa = PBXFrameworksBuildPhase;
			buildActionMask = 2147483647;
			files = (
			);
			runOnlyForDeploymentPostprocessing = 0;
		};
/* End PBXFrameworksBuildPhase section */

/* Begin PBXGroup section */
		A908C456282BA7F4002C269D /* KthNumber */ = {
			isa = PBXGroup;
			children = (
				A908C457282BA7F4002C269D /* main.swift */,
			);
			path = KthNumber;
			sourceTree = "<group>";
		};
		A927B04328291F1A0091CE57 /* NumberOfPAndYInString */ = {
			isa = PBXGroup;
			children = (
				A927B04428291F1A0091CE57 /* main.swift */,
			);
			path = NumberOfPAndYInString;
			sourceTree = "<group>";
		};
		A92B98D42831119C00634DA0 /* MinimumRectangle */ = {
			isa = PBXGroup;
			children = (
				A92B98D52831119C00634DA0 /* main.swift */,
			);
			path = MinimumRectangle;
			sourceTree = "<group>";
		};
		A92BEA2F282D19AA00827765 /* DivisibleArrayOfNumbers */ = {
			isa = PBXGroup;
			children = (
				A92BEA30282D19AA00827765 /* main.swift */,
			);
			path = DivisibleArrayOfNumbers;
			sourceTree = "<group>";
		};
		A92F5273282110FE00656E6F /* HidePhoneNumber */ = {
			isa = PBXGroup;
			children = (
				A92F5274282110FE00656E6F /* main.swift */,
			);
			path = HidePhoneNumber;
			sourceTree = "<group>";
		};
		A93522A3282E6BC50006B3C0 /* PickTwoAndAddIt */ = {
			isa = PBXGroup;
			children = (
				A93522A4282E6BC50006B3C0 /* main.swift */,
			);
			path = PickTwoAndAddIt;
			sourceTree = "<group>";
		};
		A9406C472824DFA7000D29DD /* CountAndSumOfDivisor */ = {
			isa = PBXGroup;
			children = (
				A9406C482824DFA7000D29DD /* main.swift */,
			);
			path = CountAndSumOfDivisor;
			sourceTree = "<group>";
		};
		A942F759282A0A6D0011DAF6 /* CaesarCode */ = {
			isa = PBXGroup;
			children = (
				A942F75A282A0A6D0011DAF6 /* main.swift */,
			);
			path = CaesarCode;
			sourceTree = "<group>";
		};
		A952C43A2827D24500FB1308 /* FindForKim */ = {
			isa = PBXGroup;
			children = (
				A952C43B2827D24500FB1308 /* main.swift */,
			);
			path = FindForKim;
			sourceTree = "<group>";
		};
		A952C4452827D45A00FB1308 /* SumOfPositionalNumber */ = {
			isa = PBXGroup;
			children = (
				A952C4462827D45A00FB1308 /* main.swift */,
			);
			path = SumOfPositionalNumber;
			sourceTree = "<group>";
		};
		A952C4502827DE2C00FB1308 /* IntegerDescendingSort */ = {
			isa = PBXGroup;
			children = (
				A952C4512827DE2C00FB1308 /* main.swift */,
			);
			path = IntegerDescendingSort;
			sourceTree = "<group>";
		};
		A95650E3281FFD1C00F7FECA /* FindTheNumberRemaining 1 */ = {
			isa = PBXGroup;
			children = (
				A95650E4281FFD1C00F7FECA /* main.swift */,
			);
			path = "FindTheNumberRemaining 1";
			sourceTree = "<group>";
		};
		A962CA0C282223CC00EBB658 /* SortStringsInDescendingOrder */ = {
			isa = PBXGroup;
			children = (
				A962CA0D282223CC00EBB658 /* main.swift */,
			);
			path = SortStringsInDescendingOrder;
			sourceTree = "<group>";
		};
		A972B0AB281BF34D00765E3E = {
			isa = PBXGroup;
			children = (
				A972B0B6281BF34D00765E3E /* programmersAlgorithm */,
				A972B0C3281BF49E00765E3E /* FromStringToInt */,
				A972B0E4281BF80A00765E3E /* FindPrimeNumbers */,
				A95650E3281FFD1C00F7FECA /* FindTheNumberRemaining 1 */,
				A92F5273282110FE00656E6F /* HidePhoneNumber */,
				A962CA0C282223CC00EBB658 /* SortStringsInDescendingOrder */,
				A9B9AF072823818E00DE7630 /* SumOfDivisor */,
				A9406C472824DFA7000D29DD /* CountAndSumOfDivisor */,
				A990DE67282611FB00B7BFB6 /* RemoveTheSmallestNumber */,
				A952C43A2827D24500FB1308 /* FindForKim */,
				A952C4452827D45A00FB1308 /* SumOfPositionalNumber */,
				A952C4502827DE2C00FB1308 /* IntegerDescendingSort */,
				A927B04328291F1A0091CE57 /* NumberOfPAndYInString */,
				A942F759282A0A6D0011DAF6 /* CaesarCode */,
				A908C456282BA7F4002C269D /* KthNumber */,
				A92BEA2F282D19AA00827765 /* DivisibleArrayOfNumbers */,
				A93522A3282E6BC50006B3C0 /* PickTwoAndAddIt */,
				A97B3445282F8E44007E9497 /* GCDAndLCM */,
				A92B98D42831119C00634DA0 /* MinimumRectangle */,
				A972B0B5281BF34D00765E3E /* Products */,
			);
			sourceTree = "<group>";
		};
		A972B0B5281BF34D00765E3E /* Products */ = {
			isa = PBXGroup;
			children = (
				A972B0B4281BF34D00765E3E /* programmersAlgorithm */,
				A972B0C2281BF49E00765E3E /* FromStringToInt */,
				A972B0E3281BF80A00765E3E /* FindPrimeNumbers */,
				A95650E2281FFD1C00F7FECA /* FindTheNumberRemaining 1 */,
				A92F5272282110FE00656E6F /* HidePhoneNumber */,
				A962CA0B282223CC00EBB658 /* SortStringsInDescendingOrder */,
				A9B9AF062823818E00DE7630 /* SumOfDivisor */,
				A9406C462824DFA7000D29DD /* CountAndSumOfDivisor */,
				A990DE66282611FB00B7BFB6 /* RemoveTheSmallestNumber */,
				A952C4392827D24500FB1308 /* FindForKim */,
				A952C4442827D45A00FB1308 /* SumOfPositionalNumber */,
				A952C44F2827DE2C00FB1308 /* IntegerDescendingSort */,
				A927B04228291F1A0091CE57 /* NumberOfPAndYInString */,
				A942F758282A0A6D0011DAF6 /* CaesarCode */,
				A908C455282BA7F4002C269D /* KthNumber */,
				A92BEA2E282D19AA00827765 /* DivisibleArrayOfNumbers */,
				A93522A2282E6BC50006B3C0 /* PickTwoAndAddIt */,
				A97B3444282F8E44007E9497 /* GCDAndLCM */,
				A92B98D32831119C00634DA0 /* MinimumRectangle */,
			);
			name = Products;
			sourceTree = "<group>";
		};
		A972B0B6281BF34D00765E3E /* programmersAlgorithm */ = {
			isa = PBXGroup;
			children = (
				A972B0B7281BF34D00765E3E /* main.swift */,
			);
			path = programmersAlgorithm;
			sourceTree = "<group>";
		};
		A972B0C3281BF49E00765E3E /* FromStringToInt */ = {
			isa = PBXGroup;
			children = (
				A972B0C4281BF49E00765E3E /* main.swift */,
			);
			path = FromStringToInt;
			sourceTree = "<group>";
		};
		A972B0E4281BF80A00765E3E /* FindPrimeNumbers */ = {
			isa = PBXGroup;
			children = (
				A972B0E5281BF80A00765E3E /* main.swift */,
			);
			path = FindPrimeNumbers;
			sourceTree = "<group>";
		};
		A97B3445282F8E44007E9497 /* GCDAndLCM */ = {
			isa = PBXGroup;
			children = (
				A97B3446282F8E44007E9497 /* main.swift */,
			);
			path = GCDAndLCM;
			sourceTree = "<group>";
		};
		A990DE67282611FB00B7BFB6 /* RemoveTheSmallestNumber */ = {
			isa = PBXGroup;
			children = (
				A990DE68282611FB00B7BFB6 /* main.swift */,
			);
			path = RemoveTheSmallestNumber;
			sourceTree = "<group>";
		};
		A9B9AF072823818E00DE7630 /* SumOfDivisor */ = {
			isa = PBXGroup;
			children = (
				A9B9AF082823818E00DE7630 /* main.swift */,
			);
			path = SumOfDivisor;
			sourceTree = "<group>";
		};
/* End PBXGroup section */

/* Begin PBXNativeTarget section */
		A908C454282BA7F4002C269D /* KthNumber */ = {
			isa = PBXNativeTarget;
			buildConfigurationList = A908C45B282BA7F4002C269D /* Build configuration list for PBXNativeTarget "KthNumber" */;
			buildPhases = (
				A908C451282BA7F4002C269D /* Sources */,
				A908C452282BA7F4002C269D /* Frameworks */,
				A908C453282BA7F4002C269D /* CopyFiles */,
			);
			buildRules = (
			);
			dependencies = (
			);
			name = KthNumber;
			productName = KthNumber;
			productReference = A908C455282BA7F4002C269D /* KthNumber */;
			productType = "com.apple.product-type.tool";
		};
		A927B04128291F1A0091CE57 /* NumberOfPAndYInString */ = {
			isa = PBXNativeTarget;
			buildConfigurationList = A927B04828291F1A0091CE57 /* Build configuration list for PBXNativeTarget "NumberOfPAndYInString" */;
			buildPhases = (
				A927B03E28291F1A0091CE57 /* Sources */,
				A927B03F28291F1A0091CE57 /* Frameworks */,
				A927B04028291F1A0091CE57 /* CopyFiles */,
			);
			buildRules = (
			);
			dependencies = (
			);
			name = NumberOfPAndYInString;
			productName = NumberOfPAndYInString;
			productReference = A927B04228291F1A0091CE57 /* NumberOfPAndYInString */;
			productType = "com.apple.product-type.tool";
		};
		A92B98D22831119C00634DA0 /* MinimumRectangle */ = {
			isa = PBXNativeTarget;
			buildConfigurationList = A92B98D92831119C00634DA0 /* Build configuration list for PBXNativeTarget "MinimumRectangle" */;
			buildPhases = (
				A92B98CF2831119C00634DA0 /* Sources */,
				A92B98D02831119C00634DA0 /* Frameworks */,
				A92B98D12831119C00634DA0 /* CopyFiles */,
			);
			buildRules = (
			);
			dependencies = (
			);
			name = MinimumRectangle;
			productName = MinimumRectangle;
			productReference = A92B98D32831119C00634DA0 /* MinimumRectangle */;
			productType = "com.apple.product-type.tool";
		};
		A92BEA2D282D19AA00827765 /* DivisibleArrayOfNumbers */ = {
			isa = PBXNativeTarget;
			buildConfigurationList = A92BEA34282D19AA00827765 /* Build configuration list for PBXNativeTarget "DivisibleArrayOfNumbers" */;
			buildPhases = (
				A92BEA2A282D19AA00827765 /* Sources */,
				A92BEA2B282D19AA00827765 /* Frameworks */,
				A92BEA2C282D19AA00827765 /* CopyFiles */,
			);
			buildRules = (
			);
			dependencies = (
			);
			name = DivisibleArrayOfNumbers;
			productName = DivisibleArrayOfNumbers;
			productReference = A92BEA2E282D19AA00827765 /* DivisibleArrayOfNumbers */;
			productType = "com.apple.product-type.tool";
		};
		A92F5271282110FE00656E6F /* HidePhoneNumber */ = {
			isa = PBXNativeTarget;
			buildConfigurationList = A92F5278282110FE00656E6F /* Build configuration list for PBXNativeTarget "HidePhoneNumber" */;
			buildPhases = (
				A92F526E282110FE00656E6F /* Sources */,
				A92F526F282110FE00656E6F /* Frameworks */,
				A92F5270282110FE00656E6F /* CopyFiles */,
			);
			buildRules = (
			);
			dependencies = (
			);
			name = HidePhoneNumber;
			productName = HidePhoneNumber;
			productReference = A92F5272282110FE00656E6F /* HidePhoneNumber */;
			productType = "com.apple.product-type.tool";
		};
		A93522A1282E6BC50006B3C0 /* PickTwoAndAddIt */ = {
			isa = PBXNativeTarget;
			buildConfigurationList = A93522A8282E6BC50006B3C0 /* Build configuration list for PBXNativeTarget "PickTwoAndAddIt" */;
			buildPhases = (
				A935229E282E6BC50006B3C0 /* Sources */,
				A935229F282E6BC50006B3C0 /* Frameworks */,
				A93522A0282E6BC50006B3C0 /* CopyFiles */,
			);
			buildRules = (
			);
			dependencies = (
			);
			name = PickTwoAndAddIt;
			productName = PickTwoAndAddIt;
			productReference = A93522A2282E6BC50006B3C0 /* PickTwoAndAddIt */;
			productType = "com.apple.product-type.tool";
		};
		A9406C452824DFA7000D29DD /* CountAndSumOfDivisor */ = {
			isa = PBXNativeTarget;
			buildConfigurationList = A9406C4C2824DFA7000D29DD /* Build configuration list for PBXNativeTarget "CountAndSumOfDivisor" */;
			buildPhases = (
				A9406C422824DFA7000D29DD /* Sources */,
				A9406C432824DFA7000D29DD /* Frameworks */,
				A9406C442824DFA7000D29DD /* CopyFiles */,
			);
			buildRules = (
			);
			dependencies = (
			);
			name = CountAndSumOfDivisor;
			productName = CountAndSumOfDivisor;
			productReference = A9406C462824DFA7000D29DD /* CountAndSumOfDivisor */;
			productType = "com.apple.product-type.tool";
		};
		A942F757282A0A6D0011DAF6 /* CaesarCode */ = {
			isa = PBXNativeTarget;
			buildConfigurationList = A942F75E282A0A6D0011DAF6 /* Build configuration list for PBXNativeTarget "CaesarCode" */;
			buildPhases = (
				A942F754282A0A6D0011DAF6 /* Sources */,
				A942F755282A0A6D0011DAF6 /* Frameworks */,
				A942F756282A0A6D0011DAF6 /* CopyFiles */,
			);
			buildRules = (
			);
			dependencies = (
			);
			name = CaesarCode;
			productName = CaesarCode;
			productReference = A942F758282A0A6D0011DAF6 /* CaesarCode */;
			productType = "com.apple.product-type.tool";
		};
		A952C4382827D24500FB1308 /* FindForKim */ = {
			isa = PBXNativeTarget;
			buildConfigurationList = A952C43F2827D24500FB1308 /* Build configuration list for PBXNativeTarget "FindForKim" */;
			buildPhases = (
				A952C4352827D24500FB1308 /* Sources */,
				A952C4362827D24500FB1308 /* Frameworks */,
				A952C4372827D24500FB1308 /* CopyFiles */,
			);
			buildRules = (
			);
			dependencies = (
			);
			name = FindForKim;
			productName = FindForKim;
			productReference = A952C4392827D24500FB1308 /* FindForKim */;
			productType = "com.apple.product-type.tool";
		};
		A952C4432827D45A00FB1308 /* SumOfPositionalNumber */ = {
			isa = PBXNativeTarget;
			buildConfigurationList = A952C4482827D45A00FB1308 /* Build configuration list for PBXNativeTarget "SumOfPositionalNumber" */;
			buildPhases = (
				A952C4402827D45A00FB1308 /* Sources */,
				A952C4412827D45A00FB1308 /* Frameworks */,
				A952C4422827D45A00FB1308 /* CopyFiles */,
			);
			buildRules = (
			);
			dependencies = (
			);
			name = SumOfPositionalNumber;
			productName = SumOfPositionalNumber;
			productReference = A952C4442827D45A00FB1308 /* SumOfPositionalNumber */;
			productType = "com.apple.product-type.tool";
		};
		A952C44E2827DE2C00FB1308 /* IntegerDescendingSort */ = {
			isa = PBXNativeTarget;
			buildConfigurationList = A952C4532827DE2C00FB1308 /* Build configuration list for PBXNativeTarget "IntegerDescendingSort" */;
			buildPhases = (
				A952C44B2827DE2C00FB1308 /* Sources */,
				A952C44C2827DE2C00FB1308 /* Frameworks */,
				A952C44D2827DE2C00FB1308 /* CopyFiles */,
			);
			buildRules = (
			);
			dependencies = (
			);
			name = IntegerDescendingSort;
			productName = IntegerDescendingSort;
			productReference = A952C44F2827DE2C00FB1308 /* IntegerDescendingSort */;
			productType = "com.apple.product-type.tool";
		};
		A95650E1281FFD1C00F7FECA /* FindTheNumberRemaining 1 */ = {
			isa = PBXNativeTarget;
			buildConfigurationList = A95650E8281FFD1C00F7FECA /* Build configuration list for PBXNativeTarget "FindTheNumberRemaining 1" */;
			buildPhases = (
				A95650DE281FFD1C00F7FECA /* Sources */,
				A95650DF281FFD1C00F7FECA /* Frameworks */,
				A95650E0281FFD1C00F7FECA /* CopyFiles */,
			);
			buildRules = (
			);
			dependencies = (
			);
			name = "FindTheNumberRemaining 1";
			productName = "FindTheNumberRemaining 1";
			productReference = A95650E2281FFD1C00F7FECA /* FindTheNumberRemaining 1 */;
			productType = "com.apple.product-type.tool";
		};
		A962CA0A282223CC00EBB658 /* SortStringsInDescendingOrder */ = {
			isa = PBXNativeTarget;
			buildConfigurationList = A962CA11282223CC00EBB658 /* Build configuration list for PBXNativeTarget "SortStringsInDescendingOrder" */;
			buildPhases = (
				A962CA07282223CC00EBB658 /* Sources */,
				A962CA08282223CC00EBB658 /* Frameworks */,
				A962CA09282223CC00EBB658 /* CopyFiles */,
			);
			buildRules = (
			);
			dependencies = (
			);
			name = SortStringsInDescendingOrder;
			productName = SortStringsInDescendingOrder;
			productReference = A962CA0B282223CC00EBB658 /* SortStringsInDescendingOrder */;
			productType = "com.apple.product-type.tool";
		};
		A972B0B3281BF34D00765E3E /* programmersAlgorithm */ = {
			isa = PBXNativeTarget;
			buildConfigurationList = A972B0BB281BF34D00765E3E /* Build configuration list for PBXNativeTarget "programmersAlgorithm" */;
			buildPhases = (
				A972B0B0281BF34D00765E3E /* Sources */,
				A972B0B1281BF34D00765E3E /* Frameworks */,
				A972B0B2281BF34D00765E3E /* CopyFiles */,
			);
			buildRules = (
			);
			dependencies = (
			);
			name = programmersAlgorithm;
			productName = programmersAlgorithm;
			productReference = A972B0B4281BF34D00765E3E /* programmersAlgorithm */;
			productType = "com.apple.product-type.tool";
		};
		A972B0C1281BF49E00765E3E /* FromStringToInt */ = {
			isa = PBXNativeTarget;
			buildConfigurationList = A972B0C6281BF49E00765E3E /* Build configuration list for PBXNativeTarget "FromStringToInt" */;
			buildPhases = (
				A972B0BE281BF49E00765E3E /* Sources */,
				A972B0BF281BF49E00765E3E /* Frameworks */,
				A972B0C0281BF49E00765E3E /* CopyFiles */,
			);
			buildRules = (
			);
			dependencies = (
			);
			name = FromStringToInt;
			productName = FromStringToInt;
			productReference = A972B0C2281BF49E00765E3E /* FromStringToInt */;
			productType = "com.apple.product-type.tool";
		};
		A972B0E2281BF80A00765E3E /* FindPrimeNumbers */ = {
			isa = PBXNativeTarget;
			buildConfigurationList = A972B0E7281BF80A00765E3E /* Build configuration list for PBXNativeTarget "FindPrimeNumbers" */;
			buildPhases = (
				A972B0DF281BF80A00765E3E /* Sources */,
				A972B0E0281BF80A00765E3E /* Frameworks */,
				A972B0E1281BF80A00765E3E /* CopyFiles */,
			);
			buildRules = (
			);
			dependencies = (
			);
			name = FindPrimeNumbers;
			productName = FindPrimeNumbers;
			productReference = A972B0E3281BF80A00765E3E /* FindPrimeNumbers */;
			productType = "com.apple.product-type.tool";
		};
		A97B3443282F8E44007E9497 /* GCDAndLCM */ = {
			isa = PBXNativeTarget;
			buildConfigurationList = A97B344A282F8E44007E9497 /* Build configuration list for PBXNativeTarget "GCDAndLCM" */;
			buildPhases = (
				A97B3440282F8E44007E9497 /* Sources */,
				A97B3441282F8E44007E9497 /* Frameworks */,
				A97B3442282F8E44007E9497 /* CopyFiles */,
			);
			buildRules = (
			);
			dependencies = (
			);
			name = GCDAndLCM;
			productName = GCDAndLCM;
			productReference = A97B3444282F8E44007E9497 /* GCDAndLCM */;
			productType = "com.apple.product-type.tool";
		};
		A990DE65282611FB00B7BFB6 /* RemoveTheSmallestNumber */ = {
			isa = PBXNativeTarget;
			buildConfigurationList = A990DE6C282611FB00B7BFB6 /* Build configuration list for PBXNativeTarget "RemoveTheSmallestNumber" */;
			buildPhases = (
				A990DE62282611FB00B7BFB6 /* Sources */,
				A990DE63282611FB00B7BFB6 /* Frameworks */,
				A990DE64282611FB00B7BFB6 /* CopyFiles */,
			);
			buildRules = (
			);
			dependencies = (
			);
			name = RemoveTheSmallestNumber;
			productName = RemoveTheSmallestNumber;
			productReference = A990DE66282611FB00B7BFB6 /* RemoveTheSmallestNumber */;
			productType = "com.apple.product-type.tool";
		};
		A9B9AF052823818E00DE7630 /* SumOfDivisor */ = {
			isa = PBXNativeTarget;
			buildConfigurationList = A9B9AF0C2823818E00DE7630 /* Build configuration list for PBXNativeTarget "SumOfDivisor" */;
			buildPhases = (
				A9B9AF022823818E00DE7630 /* Sources */,
				A9B9AF032823818E00DE7630 /* Frameworks */,
				A9B9AF042823818E00DE7630 /* CopyFiles */,
			);
			buildRules = (
			);
			dependencies = (
			);
			name = SumOfDivisor;
			productName = SumOfDivisor;
			productReference = A9B9AF062823818E00DE7630 /* SumOfDivisor */;
			productType = "com.apple.product-type.tool";
		};
/* End PBXNativeTarget section */

/* Begin PBXProject section */
		A972B0AC281BF34D00765E3E /* Project object */ = {
			isa = PBXProject;
			attributes = {
				BuildIndependentTargetsInParallel = 1;
				LastSwiftUpdateCheck = 1320;
				LastUpgradeCheck = 1320;
				TargetAttributes = {
					A908C454282BA7F4002C269D = {
						CreatedOnToolsVersion = 13.2.1;
					};
					A927B04128291F1A0091CE57 = {
						CreatedOnToolsVersion = 13.2.1;
					};
					A92B98D22831119C00634DA0 = {
						CreatedOnToolsVersion = 13.2.1;
					};
					A92BEA2D282D19AA00827765 = {
						CreatedOnToolsVersion = 13.2.1;
					};
					A92F5271282110FE00656E6F = {
						CreatedOnToolsVersion = 13.2.1;
					};
					A93522A1282E6BC50006B3C0 = {
						CreatedOnToolsVersion = 13.2.1;
					};
					A9406C452824DFA7000D29DD = {
						CreatedOnToolsVersion = 13.2.1;
					};
					A942F757282A0A6D0011DAF6 = {
						CreatedOnToolsVersion = 13.2.1;
					};
					A952C4382827D24500FB1308 = {
						CreatedOnToolsVersion = 13.2.1;
					};
					A952C4432827D45A00FB1308 = {
						CreatedOnToolsVersion = 13.2.1;
					};
					A952C44E2827DE2C00FB1308 = {
						CreatedOnToolsVersion = 13.2.1;
					};
					A95650E1281FFD1C00F7FECA = {
						CreatedOnToolsVersion = 13.2.1;
					};
					A962CA0A282223CC00EBB658 = {
						CreatedOnToolsVersion = 13.2.1;
					};
					A972B0B3281BF34D00765E3E = {
						CreatedOnToolsVersion = 13.2.1;
					};
					A972B0C1281BF49E00765E3E = {
						CreatedOnToolsVersion = 13.2.1;
					};
					A972B0E2281BF80A00765E3E = {
						CreatedOnToolsVersion = 13.2.1;
					};
					A97B3443282F8E44007E9497 = {
						CreatedOnToolsVersion = 13.2.1;
					};
					A990DE65282611FB00B7BFB6 = {
						CreatedOnToolsVersion = 13.2.1;
					};
					A9B9AF052823818E00DE7630 = {
						CreatedOnToolsVersion = 13.2.1;
					};
				};
			};
			buildConfigurationList = A972B0AF281BF34D00765E3E /* Build configuration list for PBXProject "programmersAlgorithm" */;
			compatibilityVersion = "Xcode 13.0";
			developmentRegion = en;
			hasScannedForEncodings = 0;
			knownRegions = (
				en,
				Base,
			);
			mainGroup = A972B0AB281BF34D00765E3E;
			productRefGroup = A972B0B5281BF34D00765E3E /* Products */;
			projectDirPath = "";
			projectRoot = "";
			targets = (
				A972B0B3281BF34D00765E3E /* programmersAlgorithm */,
				A972B0C1281BF49E00765E3E /* FromStringToInt */,
				A972B0E2281BF80A00765E3E /* FindPrimeNumbers */,
				A95650E1281FFD1C00F7FECA /* FindTheNumberRemaining 1 */,
				A92F5271282110FE00656E6F /* HidePhoneNumber */,
				A962CA0A282223CC00EBB658 /* SortStringsInDescendingOrder */,
				A9B9AF052823818E00DE7630 /* SumOfDivisor */,
				A9406C452824DFA7000D29DD /* CountAndSumOfDivisor */,
				A990DE65282611FB00B7BFB6 /* RemoveTheSmallestNumber */,
				A952C4382827D24500FB1308 /* FindForKim */,
				A952C4432827D45A00FB1308 /* SumOfPositionalNumber */,
				A952C44E2827DE2C00FB1308 /* IntegerDescendingSort */,
				A927B04128291F1A0091CE57 /* NumberOfPAndYInString */,
				A942F757282A0A6D0011DAF6 /* CaesarCode */,
				A908C454282BA7F4002C269D /* KthNumber */,
				A92BEA2D282D19AA00827765 /* DivisibleArrayOfNumbers */,
				A93522A1282E6BC50006B3C0 /* PickTwoAndAddIt */,
				A97B3443282F8E44007E9497 /* GCDAndLCM */,
				A92B98D22831119C00634DA0 /* MinimumRectangle */,
			);
		};
/* End PBXProject section */

/* Begin PBXSourcesBuildPhase section */
		A908C451282BA7F4002C269D /* Sources */ = {
			isa = PBXSourcesBuildPhase;
			buildActionMask = 2147483647;
			files = (
				A908C458282BA7F4002C269D /* main.swift in Sources */,
			);
			runOnlyForDeploymentPostprocessing = 0;
		};
		A927B03E28291F1A0091CE57 /* Sources */ = {
			isa = PBXSourcesBuildPhase;
			buildActionMask = 2147483647;
			files = (
				A927B04528291F1A0091CE57 /* main.swift in Sources */,
			);
			runOnlyForDeploymentPostprocessing = 0;
		};
		A92B98CF2831119C00634DA0 /* Sources */ = {
			isa = PBXSourcesBuildPhase;
			buildActionMask = 2147483647;
			files = (
				A92B98D62831119C00634DA0 /* main.swift in Sources */,
			);
			runOnlyForDeploymentPostprocessing = 0;
		};
		A92BEA2A282D19AA00827765 /* Sources */ = {
			isa = PBXSourcesBuildPhase;
			buildActionMask = 2147483647;
			files = (
				A92BEA31282D19AA00827765 /* main.swift in Sources */,
			);
			runOnlyForDeploymentPostprocessing = 0;
		};
		A92F526E282110FE00656E6F /* Sources */ = {
			isa = PBXSourcesBuildPhase;
			buildActionMask = 2147483647;
			files = (
				A92F5275282110FE00656E6F /* main.swift in Sources */,
			);
			runOnlyForDeploymentPostprocessing = 0;
		};
		A935229E282E6BC50006B3C0 /* Sources */ = {
			isa = PBXSourcesBuildPhase;
			buildActionMask = 2147483647;
			files = (
				A93522A5282E6BC50006B3C0 /* main.swift in Sources */,
			);
			runOnlyForDeploymentPostprocessing = 0;
		};
		A9406C422824DFA7000D29DD /* Sources */ = {
			isa = PBXSourcesBuildPhase;
			buildActionMask = 2147483647;
			files = (
				A9406C492824DFA7000D29DD /* main.swift in Sources */,
			);
			runOnlyForDeploymentPostprocessing = 0;
		};
		A942F754282A0A6D0011DAF6 /* Sources */ = {
			isa = PBXSourcesBuildPhase;
			buildActionMask = 2147483647;
			files = (
				A942F75B282A0A6D0011DAF6 /* main.swift in Sources */,
			);
			runOnlyForDeploymentPostprocessing = 0;
		};
		A952C4352827D24500FB1308 /* Sources */ = {
			isa = PBXSourcesBuildPhase;
			buildActionMask = 2147483647;
			files = (
				A952C43C2827D24500FB1308 /* main.swift in Sources */,
			);
			runOnlyForDeploymentPostprocessing = 0;
		};
		A952C4402827D45A00FB1308 /* Sources */ = {
			isa = PBXSourcesBuildPhase;
			buildActionMask = 2147483647;
			files = (
				A952C4472827D45A00FB1308 /* main.swift in Sources */,
			);
			runOnlyForDeploymentPostprocessing = 0;
		};
		A952C44B2827DE2C00FB1308 /* Sources */ = {
			isa = PBXSourcesBuildPhase;
			buildActionMask = 2147483647;
			files = (
				A952C4522827DE2C00FB1308 /* main.swift in Sources */,
			);
			runOnlyForDeploymentPostprocessing = 0;
		};
		A95650DE281FFD1C00F7FECA /* Sources */ = {
			isa = PBXSourcesBuildPhase;
			buildActionMask = 2147483647;
			files = (
				A95650E5281FFD1C00F7FECA /* main.swift in Sources */,
			);
			runOnlyForDeploymentPostprocessing = 0;
		};
		A962CA07282223CC00EBB658 /* Sources */ = {
			isa = PBXSourcesBuildPhase;
			buildActionMask = 2147483647;
			files = (
				A962CA0E282223CC00EBB658 /* main.swift in Sources */,
			);
			runOnlyForDeploymentPostprocessing = 0;
		};
		A972B0B0281BF34D00765E3E /* Sources */ = {
			isa = PBXSourcesBuildPhase;
			buildActionMask = 2147483647;
			files = (
				A972B0B8281BF34D00765E3E /* main.swift in Sources */,
			);
			runOnlyForDeploymentPostprocessing = 0;
		};
		A972B0BE281BF49E00765E3E /* Sources */ = {
			isa = PBXSourcesBuildPhase;
			buildActionMask = 2147483647;
			files = (
				A972B0C5281BF49E00765E3E /* main.swift in Sources */,
			);
			runOnlyForDeploymentPostprocessing = 0;
		};
		A972B0DF281BF80A00765E3E /* Sources */ = {
			isa = PBXSourcesBuildPhase;
			buildActionMask = 2147483647;
			files = (
				A972B0E6281BF80A00765E3E /* main.swift in Sources */,
			);
			runOnlyForDeploymentPostprocessing = 0;
		};
		A97B3440282F8E44007E9497 /* Sources */ = {
			isa = PBXSourcesBuildPhase;
			buildActionMask = 2147483647;
			files = (
				A97B3447282F8E44007E9497 /* main.swift in Sources */,
			);
			runOnlyForDeploymentPostprocessing = 0;
		};
		A990DE62282611FB00B7BFB6 /* Sources */ = {
			isa = PBXSourcesBuildPhase;
			buildActionMask = 2147483647;
			files = (
				A990DE69282611FB00B7BFB6 /* main.swift in Sources */,
			);
			runOnlyForDeploymentPostprocessing = 0;
		};
		A9B9AF022823818E00DE7630 /* Sources */ = {
			isa = PBXSourcesBuildPhase;
			buildActionMask = 2147483647;
			files = (
				A9B9AF092823818E00DE7630 /* main.swift in Sources */,
			);
			runOnlyForDeploymentPostprocessing = 0;
		};
/* End PBXSourcesBuildPhase section */

/* Begin XCBuildConfiguration section */
		A908C459282BA7F4002C269D /* Debug */ = {
			isa = XCBuildConfiguration;
			buildSettings = {
				CODE_SIGN_STYLE = Automatic;
				DEVELOPMENT_TEAM = YB3R3CK6WP;
				ENABLE_HARDENED_RUNTIME = YES;
				PRODUCT_NAME = "$(TARGET_NAME)";
				SWIFT_VERSION = 5.0;
			};
			name = Debug;
		};
		A908C45A282BA7F4002C269D /* Release */ = {
			isa = XCBuildConfiguration;
			buildSettings = {
				CODE_SIGN_STYLE = Automatic;
				DEVELOPMENT_TEAM = YB3R3CK6WP;
				ENABLE_HARDENED_RUNTIME = YES;
				PRODUCT_NAME = "$(TARGET_NAME)";
				SWIFT_VERSION = 5.0;
			};
			name = Release;
		};
		A927B04628291F1A0091CE57 /* Debug */ = {
			isa = XCBuildConfiguration;
			buildSettings = {
				CODE_SIGN_STYLE = Automatic;
				DEVELOPMENT_TEAM = YB3R3CK6WP;
				ENABLE_HARDENED_RUNTIME = YES;
				PRODUCT_NAME = "$(TARGET_NAME)";
				SWIFT_VERSION = 5.0;
			};
			name = Debug;
		};
		A927B04728291F1A0091CE57 /* Release */ = {
			isa = XCBuildConfiguration;
			buildSettings = {
				CODE_SIGN_STYLE = Automatic;
				DEVELOPMENT_TEAM = YB3R3CK6WP;
				ENABLE_HARDENED_RUNTIME = YES;
				PRODUCT_NAME = "$(TARGET_NAME)";
				SWIFT_VERSION = 5.0;
			};
			name = Release;
		};
		A92B98D72831119C00634DA0 /* Debug */ = {
			isa = XCBuildConfiguration;
			buildSettings = {
				CODE_SIGN_STYLE = Automatic;
				DEVELOPMENT_TEAM = YB3R3CK6WP;
				ENABLE_HARDENED_RUNTIME = YES;
				PRODUCT_NAME = "$(TARGET_NAME)";
				SWIFT_VERSION = 5.0;
			};
			name = Debug;
		};
		A92B98D82831119C00634DA0 /* Release */ = {
			isa = XCBuildConfiguration;
			buildSettings = {
				CODE_SIGN_STYLE = Automatic;
				DEVELOPMENT_TEAM = YB3R3CK6WP;
				ENABLE_HARDENED_RUNTIME = YES;
				PRODUCT_NAME = "$(TARGET_NAME)";
				SWIFT_VERSION = 5.0;
			};
			name = Release;
		};
		A92BEA32282D19AA00827765 /* Debug */ = {
			isa = XCBuildConfiguration;
			buildSettings = {
				CODE_SIGN_STYLE = Automatic;
				DEVELOPMENT_TEAM = YB3R3CK6WP;
				ENABLE_HARDENED_RUNTIME = YES;
				PRODUCT_NAME = "$(TARGET_NAME)";
				SWIFT_VERSION = 5.0;
			};
			name = Debug;
		};
		A92BEA33282D19AA00827765 /* Release */ = {
			isa = XCBuildConfiguration;
			buildSettings = {
				CODE_SIGN_STYLE = Automatic;
				DEVELOPMENT_TEAM = YB3R3CK6WP;
				ENABLE_HARDENED_RUNTIME = YES;
				PRODUCT_NAME = "$(TARGET_NAME)";
				SWIFT_VERSION = 5.0;
			};
			name = Release;
		};
		A92F5276282110FE00656E6F /* Debug */ = {
			isa = XCBuildConfiguration;
			buildSettings = {
				CODE_SIGN_STYLE = Automatic;
				DEVELOPMENT_TEAM = YB3R3CK6WP;
				ENABLE_HARDENED_RUNTIME = YES;
				PRODUCT_NAME = "$(TARGET_NAME)";
				SWIFT_VERSION = 5.0;
			};
			name = Debug;
		};
		A92F5277282110FE00656E6F /* Release */ = {
			isa = XCBuildConfiguration;
			buildSettings = {
				CODE_SIGN_STYLE = Automatic;
				DEVELOPMENT_TEAM = YB3R3CK6WP;
				ENABLE_HARDENED_RUNTIME = YES;
				PRODUCT_NAME = "$(TARGET_NAME)";
				SWIFT_VERSION = 5.0;
			};
			name = Release;
		};
		A93522A6282E6BC50006B3C0 /* Debug */ = {
			isa = XCBuildConfiguration;
			buildSettings = {
				CODE_SIGN_STYLE = Automatic;
				DEVELOPMENT_TEAM = YB3R3CK6WP;
				ENABLE_HARDENED_RUNTIME = YES;
				PRODUCT_NAME = "$(TARGET_NAME)";
				SWIFT_VERSION = 5.0;
			};
			name = Debug;
		};
		A93522A7282E6BC50006B3C0 /* Release */ = {
			isa = XCBuildConfiguration;
			buildSettings = {
				CODE_SIGN_STYLE = Automatic;
				DEVELOPMENT_TEAM = YB3R3CK6WP;
				ENABLE_HARDENED_RUNTIME = YES;
				PRODUCT_NAME = "$(TARGET_NAME)";
				SWIFT_VERSION = 5.0;
			};
			name = Release;
		};
		A9406C4A2824DFA7000D29DD /* Debug */ = {
			isa = XCBuildConfiguration;
			buildSettings = {
				CODE_SIGN_STYLE = Automatic;
				DEVELOPMENT_TEAM = YB3R3CK6WP;
				ENABLE_HARDENED_RUNTIME = YES;
				PRODUCT_NAME = "$(TARGET_NAME)";
				SWIFT_VERSION = 5.0;
			};
			name = Debug;
		};
		A9406C4B2824DFA7000D29DD /* Release */ = {
			isa = XCBuildConfiguration;
			buildSettings = {
				CODE_SIGN_STYLE = Automatic;
				DEVELOPMENT_TEAM = YB3R3CK6WP;
				ENABLE_HARDENED_RUNTIME = YES;
				PRODUCT_NAME = "$(TARGET_NAME)";
				SWIFT_VERSION = 5.0;
			};
			name = Release;
		};
		A942F75C282A0A6D0011DAF6 /* Debug */ = {
			isa = XCBuildConfiguration;
			buildSettings = {
				CODE_SIGN_STYLE = Automatic;
				DEVELOPMENT_TEAM = YB3R3CK6WP;
				ENABLE_HARDENED_RUNTIME = YES;
				PRODUCT_NAME = "$(TARGET_NAME)";
				SWIFT_VERSION = 5.0;
			};
			name = Debug;
		};
		A942F75D282A0A6D0011DAF6 /* Release */ = {
			isa = XCBuildConfiguration;
			buildSettings = {
				CODE_SIGN_STYLE = Automatic;
				DEVELOPMENT_TEAM = YB3R3CK6WP;
				ENABLE_HARDENED_RUNTIME = YES;
				PRODUCT_NAME = "$(TARGET_NAME)";
				SWIFT_VERSION = 5.0;
			};
			name = Release;
		};
		A952C43D2827D24500FB1308 /* Debug */ = {
			isa = XCBuildConfiguration;
			buildSettings = {
				CODE_SIGN_STYLE = Automatic;
				DEVELOPMENT_TEAM = YB3R3CK6WP;
				ENABLE_HARDENED_RUNTIME = YES;
				PRODUCT_NAME = "$(TARGET_NAME)";
				SWIFT_VERSION = 5.0;
			};
			name = Debug;
		};
		A952C43E2827D24500FB1308 /* Release */ = {
			isa = XCBuildConfiguration;
			buildSettings = {
				CODE_SIGN_STYLE = Automatic;
				DEVELOPMENT_TEAM = YB3R3CK6WP;
				ENABLE_HARDENED_RUNTIME = YES;
				PRODUCT_NAME = "$(TARGET_NAME)";
				SWIFT_VERSION = 5.0;
			};
			name = Release;
		};
		A952C4492827D45A00FB1308 /* Debug */ = {
			isa = XCBuildConfiguration;
			buildSettings = {
				CODE_SIGN_STYLE = Automatic;
				DEVELOPMENT_TEAM = YB3R3CK6WP;
				ENABLE_HARDENED_RUNTIME = YES;
				PRODUCT_NAME = "$(TARGET_NAME)";
				SWIFT_VERSION = 5.0;
			};
			name = Debug;
		};
		A952C44A2827D45A00FB1308 /* Release */ = {
			isa = XCBuildConfiguration;
			buildSettings = {
				CODE_SIGN_STYLE = Automatic;
				DEVELOPMENT_TEAM = YB3R3CK6WP;
				ENABLE_HARDENED_RUNTIME = YES;
				PRODUCT_NAME = "$(TARGET_NAME)";
				SWIFT_VERSION = 5.0;
			};
			name = Release;
		};
		A952C4542827DE2C00FB1308 /* Debug */ = {
			isa = XCBuildConfiguration;
			buildSettings = {
				CODE_SIGN_STYLE = Automatic;
				DEVELOPMENT_TEAM = YB3R3CK6WP;
				ENABLE_HARDENED_RUNTIME = YES;
				PRODUCT_NAME = "$(TARGET_NAME)";
				SWIFT_VERSION = 5.0;
			};
			name = Debug;
		};
		A952C4552827DE2C00FB1308 /* Release */ = {
			isa = XCBuildConfiguration;
			buildSettings = {
				CODE_SIGN_STYLE = Automatic;
				DEVELOPMENT_TEAM = YB3R3CK6WP;
				ENABLE_HARDENED_RUNTIME = YES;
				PRODUCT_NAME = "$(TARGET_NAME)";
				SWIFT_VERSION = 5.0;
			};
			name = Release;
		};
		A95650E6281FFD1C00F7FECA /* Debug */ = {
			isa = XCBuildConfiguration;
			buildSettings = {
				CODE_SIGN_STYLE = Automatic;
				DEVELOPMENT_TEAM = YB3R3CK6WP;
				ENABLE_HARDENED_RUNTIME = YES;
				PRODUCT_NAME = "$(TARGET_NAME)";
				SWIFT_VERSION = 5.0;
			};
			name = Debug;
		};
		A95650E7281FFD1C00F7FECA /* Release */ = {
			isa = XCBuildConfiguration;
			buildSettings = {
				CODE_SIGN_STYLE = Automatic;
				DEVELOPMENT_TEAM = YB3R3CK6WP;
				ENABLE_HARDENED_RUNTIME = YES;
				PRODUCT_NAME = "$(TARGET_NAME)";
				SWIFT_VERSION = 5.0;
			};
			name = Release;
		};
		A962CA0F282223CC00EBB658 /* Debug */ = {
			isa = XCBuildConfiguration;
			buildSettings = {
				CODE_SIGN_STYLE = Automatic;
				DEVELOPMENT_TEAM = YB3R3CK6WP;
				ENABLE_HARDENED_RUNTIME = YES;
				PRODUCT_NAME = "$(TARGET_NAME)";
				SWIFT_VERSION = 5.0;
			};
			name = Debug;
		};
		A962CA10282223CC00EBB658 /* Release */ = {
			isa = XCBuildConfiguration;
			buildSettings = {
				CODE_SIGN_STYLE = Automatic;
				DEVELOPMENT_TEAM = YB3R3CK6WP;
				ENABLE_HARDENED_RUNTIME = YES;
				PRODUCT_NAME = "$(TARGET_NAME)";
				SWIFT_VERSION = 5.0;
			};
			name = Release;
		};
		A972B0B9281BF34D00765E3E /* Debug */ = {
			isa = XCBuildConfiguration;
			buildSettings = {
				ALWAYS_SEARCH_USER_PATHS = NO;
				CLANG_ANALYZER_NONNULL = YES;
				CLANG_ANALYZER_NUMBER_OBJECT_CONVERSION = YES_AGGRESSIVE;
				CLANG_CXX_LANGUAGE_STANDARD = "gnu++17";
				CLANG_CXX_LIBRARY = "libc++";
				CLANG_ENABLE_MODULES = YES;
				CLANG_ENABLE_OBJC_ARC = YES;
				CLANG_ENABLE_OBJC_WEAK = YES;
				CLANG_WARN_BLOCK_CAPTURE_AUTORELEASING = YES;
				CLANG_WARN_BOOL_CONVERSION = YES;
				CLANG_WARN_COMMA = YES;
				CLANG_WARN_CONSTANT_CONVERSION = YES;
				CLANG_WARN_DEPRECATED_OBJC_IMPLEMENTATIONS = YES;
				CLANG_WARN_DIRECT_OBJC_ISA_USAGE = YES_ERROR;
				CLANG_WARN_DOCUMENTATION_COMMENTS = YES;
				CLANG_WARN_EMPTY_BODY = YES;
				CLANG_WARN_ENUM_CONVERSION = YES;
				CLANG_WARN_INFINITE_RECURSION = YES;
				CLANG_WARN_INT_CONVERSION = YES;
				CLANG_WARN_NON_LITERAL_NULL_CONVERSION = YES;
				CLANG_WARN_OBJC_IMPLICIT_RETAIN_SELF = YES;
				CLANG_WARN_OBJC_LITERAL_CONVERSION = YES;
				CLANG_WARN_OBJC_ROOT_CLASS = YES_ERROR;
				CLANG_WARN_QUOTED_INCLUDE_IN_FRAMEWORK_HEADER = YES;
				CLANG_WARN_RANGE_LOOP_ANALYSIS = YES;
				CLANG_WARN_STRICT_PROTOTYPES = YES;
				CLANG_WARN_SUSPICIOUS_MOVE = YES;
				CLANG_WARN_UNGUARDED_AVAILABILITY = YES_AGGRESSIVE;
				CLANG_WARN_UNREACHABLE_CODE = YES;
				CLANG_WARN__DUPLICATE_METHOD_MATCH = YES;
				COPY_PHASE_STRIP = NO;
				DEBUG_INFORMATION_FORMAT = dwarf;
				ENABLE_STRICT_OBJC_MSGSEND = YES;
				ENABLE_TESTABILITY = YES;
				GCC_C_LANGUAGE_STANDARD = gnu11;
				GCC_DYNAMIC_NO_PIC = NO;
				GCC_NO_COMMON_BLOCKS = YES;
				GCC_OPTIMIZATION_LEVEL = 0;
				GCC_PREPROCESSOR_DEFINITIONS = (
					"DEBUG=1",
					"$(inherited)",
				);
				GCC_WARN_64_TO_32_BIT_CONVERSION = YES;
				GCC_WARN_ABOUT_RETURN_TYPE = YES_ERROR;
				GCC_WARN_UNDECLARED_SELECTOR = YES;
				GCC_WARN_UNINITIALIZED_AUTOS = YES_AGGRESSIVE;
				GCC_WARN_UNUSED_FUNCTION = YES;
				GCC_WARN_UNUSED_VARIABLE = YES;
				MACOSX_DEPLOYMENT_TARGET = 11.6;
				MTL_ENABLE_DEBUG_INFO = INCLUDE_SOURCE;
				MTL_FAST_MATH = YES;
				ONLY_ACTIVE_ARCH = YES;
				SDKROOT = macosx;
				SWIFT_ACTIVE_COMPILATION_CONDITIONS = DEBUG;
				SWIFT_OPTIMIZATION_LEVEL = "-Onone";
			};
			name = Debug;
		};
		A972B0BA281BF34D00765E3E /* Release */ = {
			isa = XCBuildConfiguration;
			buildSettings = {
				ALWAYS_SEARCH_USER_PATHS = NO;
				CLANG_ANALYZER_NONNULL = YES;
				CLANG_ANALYZER_NUMBER_OBJECT_CONVERSION = YES_AGGRESSIVE;
				CLANG_CXX_LANGUAGE_STANDARD = "gnu++17";
				CLANG_CXX_LIBRARY = "libc++";
				CLANG_ENABLE_MODULES = YES;
				CLANG_ENABLE_OBJC_ARC = YES;
				CLANG_ENABLE_OBJC_WEAK = YES;
				CLANG_WARN_BLOCK_CAPTURE_AUTORELEASING = YES;
				CLANG_WARN_BOOL_CONVERSION = YES;
				CLANG_WARN_COMMA = YES;
				CLANG_WARN_CONSTANT_CONVERSION = YES;
				CLANG_WARN_DEPRECATED_OBJC_IMPLEMENTATIONS = YES;
				CLANG_WARN_DIRECT_OBJC_ISA_USAGE = YES_ERROR;
				CLANG_WARN_DOCUMENTATION_COMMENTS = YES;
				CLANG_WARN_EMPTY_BODY = YES;
				CLANG_WARN_ENUM_CONVERSION = YES;
				CLANG_WARN_INFINITE_RECURSION = YES;
				CLANG_WARN_INT_CONVERSION = YES;
				CLANG_WARN_NON_LITERAL_NULL_CONVERSION = YES;
				CLANG_WARN_OBJC_IMPLICIT_RETAIN_SELF = YES;
				CLANG_WARN_OBJC_LITERAL_CONVERSION = YES;
				CLANG_WARN_OBJC_ROOT_CLASS = YES_ERROR;
				CLANG_WARN_QUOTED_INCLUDE_IN_FRAMEWORK_HEADER = YES;
				CLANG_WARN_RANGE_LOOP_ANALYSIS = YES;
				CLANG_WARN_STRICT_PROTOTYPES = YES;
				CLANG_WARN_SUSPICIOUS_MOVE = YES;
				CLANG_WARN_UNGUARDED_AVAILABILITY = YES_AGGRESSIVE;
				CLANG_WARN_UNREACHABLE_CODE = YES;
				CLANG_WARN__DUPLICATE_METHOD_MATCH = YES;
				COPY_PHASE_STRIP = NO;
				DEBUG_INFORMATION_FORMAT = "dwarf-with-dsym";
				ENABLE_NS_ASSERTIONS = NO;
				ENABLE_STRICT_OBJC_MSGSEND = YES;
				GCC_C_LANGUAGE_STANDARD = gnu11;
				GCC_NO_COMMON_BLOCKS = YES;
				GCC_WARN_64_TO_32_BIT_CONVERSION = YES;
				GCC_WARN_ABOUT_RETURN_TYPE = YES_ERROR;
				GCC_WARN_UNDECLARED_SELECTOR = YES;
				GCC_WARN_UNINITIALIZED_AUTOS = YES_AGGRESSIVE;
				GCC_WARN_UNUSED_FUNCTION = YES;
				GCC_WARN_UNUSED_VARIABLE = YES;
				MACOSX_DEPLOYMENT_TARGET = 11.6;
				MTL_ENABLE_DEBUG_INFO = NO;
				MTL_FAST_MATH = YES;
				SDKROOT = macosx;
				SWIFT_COMPILATION_MODE = wholemodule;
				SWIFT_OPTIMIZATION_LEVEL = "-O";
			};
			name = Release;
		};
		A972B0BC281BF34D00765E3E /* Debug */ = {
			isa = XCBuildConfiguration;
			buildSettings = {
				CODE_SIGN_STYLE = Automatic;
				DEVELOPMENT_TEAM = YB3R3CK6WP;
				ENABLE_HARDENED_RUNTIME = YES;
				PRODUCT_NAME = "$(TARGET_NAME)";
				SWIFT_VERSION = 5.0;
			};
			name = Debug;
		};
		A972B0BD281BF34D00765E3E /* Release */ = {
			isa = XCBuildConfiguration;
			buildSettings = {
				CODE_SIGN_STYLE = Automatic;
				DEVELOPMENT_TEAM = YB3R3CK6WP;
				ENABLE_HARDENED_RUNTIME = YES;
				PRODUCT_NAME = "$(TARGET_NAME)";
				SWIFT_VERSION = 5.0;
			};
			name = Release;
		};
		A972B0C7281BF49E00765E3E /* Debug */ = {
			isa = XCBuildConfiguration;
			buildSettings = {
				CODE_SIGN_STYLE = Automatic;
				DEVELOPMENT_TEAM = YB3R3CK6WP;
				ENABLE_HARDENED_RUNTIME = YES;
				PRODUCT_NAME = "$(TARGET_NAME)";
				SWIFT_VERSION = 5.0;
			};
			name = Debug;
		};
		A972B0C8281BF49E00765E3E /* Release */ = {
			isa = XCBuildConfiguration;
			buildSettings = {
				CODE_SIGN_STYLE = Automatic;
				DEVELOPMENT_TEAM = YB3R3CK6WP;
				ENABLE_HARDENED_RUNTIME = YES;
				PRODUCT_NAME = "$(TARGET_NAME)";
				SWIFT_VERSION = 5.0;
			};
			name = Release;
		};
		A972B0E8281BF80A00765E3E /* Debug */ = {
			isa = XCBuildConfiguration;
			buildSettings = {
				CODE_SIGN_STYLE = Automatic;
				DEVELOPMENT_TEAM = YB3R3CK6WP;
				ENABLE_HARDENED_RUNTIME = YES;
				PRODUCT_NAME = "$(TARGET_NAME)";
				SWIFT_VERSION = 5.0;
			};
			name = Debug;
		};
		A972B0E9281BF80A00765E3E /* Release */ = {
			isa = XCBuildConfiguration;
			buildSettings = {
				CODE_SIGN_STYLE = Automatic;
				DEVELOPMENT_TEAM = YB3R3CK6WP;
				ENABLE_HARDENED_RUNTIME = YES;
				PRODUCT_NAME = "$(TARGET_NAME)";
				SWIFT_VERSION = 5.0;
			};
			name = Release;
		};
		A97B3448282F8E44007E9497 /* Debug */ = {
			isa = XCBuildConfiguration;
			buildSettings = {
				CODE_SIGN_STYLE = Automatic;
				DEVELOPMENT_TEAM = YB3R3CK6WP;
				ENABLE_HARDENED_RUNTIME = YES;
				PRODUCT_NAME = "$(TARGET_NAME)";
				SWIFT_VERSION = 5.0;
			};
			name = Debug;
		};
		A97B3449282F8E44007E9497 /* Release */ = {
			isa = XCBuildConfiguration;
			buildSettings = {
				CODE_SIGN_STYLE = Automatic;
				DEVELOPMENT_TEAM = YB3R3CK6WP;
				ENABLE_HARDENED_RUNTIME = YES;
				PRODUCT_NAME = "$(TARGET_NAME)";
				SWIFT_VERSION = 5.0;
			};
			name = Release;
		};
		A990DE6A282611FB00B7BFB6 /* Debug */ = {
			isa = XCBuildConfiguration;
			buildSettings = {
				CODE_SIGN_STYLE = Automatic;
				DEVELOPMENT_TEAM = YB3R3CK6WP;
				ENABLE_HARDENED_RUNTIME = YES;
				PRODUCT_NAME = "$(TARGET_NAME)";
				SWIFT_VERSION = 5.0;
			};
			name = Debug;
		};
		A990DE6B282611FB00B7BFB6 /* Release */ = {
			isa = XCBuildConfiguration;
			buildSettings = {
				CODE_SIGN_STYLE = Automatic;
				DEVELOPMENT_TEAM = YB3R3CK6WP;
				ENABLE_HARDENED_RUNTIME = YES;
				PRODUCT_NAME = "$(TARGET_NAME)";
				SWIFT_VERSION = 5.0;
			};
			name = Release;
		};
		A9B9AF0A2823818E00DE7630 /* Debug */ = {
			isa = XCBuildConfiguration;
			buildSettings = {
				CODE_SIGN_STYLE = Automatic;
				DEVELOPMENT_TEAM = YB3R3CK6WP;
				ENABLE_HARDENED_RUNTIME = YES;
				PRODUCT_NAME = "$(TARGET_NAME)";
				SWIFT_VERSION = 5.0;
			};
			name = Debug;
		};
		A9B9AF0B2823818E00DE7630 /* Release */ = {
			isa = XCBuildConfiguration;
			buildSettings = {
				CODE_SIGN_STYLE = Automatic;
				DEVELOPMENT_TEAM = YB3R3CK6WP;
				ENABLE_HARDENED_RUNTIME = YES;
				PRODUCT_NAME = "$(TARGET_NAME)";
				SWIFT_VERSION = 5.0;
			};
			name = Release;
		};
/* End XCBuildConfiguration section */

/* Begin XCConfigurationList section */
		A908C45B282BA7F4002C269D /* Build configuration list for PBXNativeTarget "KthNumber" */ = {
			isa = XCConfigurationList;
			buildConfigurations = (
				A908C459282BA7F4002C269D /* Debug */,
				A908C45A282BA7F4002C269D /* Release */,
			);
			defaultConfigurationIsVisible = 0;
			defaultConfigurationName = Release;
		};
		A927B04828291F1A0091CE57 /* Build configuration list for PBXNativeTarget "NumberOfPAndYInString" */ = {
			isa = XCConfigurationList;
			buildConfigurations = (
				A927B04628291F1A0091CE57 /* Debug */,
				A927B04728291F1A0091CE57 /* Release */,
			);
			defaultConfigurationIsVisible = 0;
			defaultConfigurationName = Release;
		};
		A92B98D92831119C00634DA0 /* Build configuration list for PBXNativeTarget "MinimumRectangle" */ = {
			isa = XCConfigurationList;
			buildConfigurations = (
				A92B98D72831119C00634DA0 /* Debug */,
				A92B98D82831119C00634DA0 /* Release */,
			);
			defaultConfigurationIsVisible = 0;
			defaultConfigurationName = Release;
		};
		A92BEA34282D19AA00827765 /* Build configuration list for PBXNativeTarget "DivisibleArrayOfNumbers" */ = {
			isa = XCConfigurationList;
			buildConfigurations = (
				A92BEA32282D19AA00827765 /* Debug */,
				A92BEA33282D19AA00827765 /* Release */,
			);
			defaultConfigurationIsVisible = 0;
			defaultConfigurationName = Release;
		};
		A92F5278282110FE00656E6F /* Build configuration list for PBXNativeTarget "HidePhoneNumber" */ = {
			isa = XCConfigurationList;
			buildConfigurations = (
				A92F5276282110FE00656E6F /* Debug */,
				A92F5277282110FE00656E6F /* Release */,
			);
			defaultConfigurationIsVisible = 0;
			defaultConfigurationName = Release;
		};
		A93522A8282E6BC50006B3C0 /* Build configuration list for PBXNativeTarget "PickTwoAndAddIt" */ = {
			isa = XCConfigurationList;
			buildConfigurations = (
				A93522A6282E6BC50006B3C0 /* Debug */,
				A93522A7282E6BC50006B3C0 /* Release */,
			);
			defaultConfigurationIsVisible = 0;
			defaultConfigurationName = Release;
		};
		A9406C4C2824DFA7000D29DD /* Build configuration list for PBXNativeTarget "CountAndSumOfDivisor" */ = {
			isa = XCConfigurationList;
			buildConfigurations = (
				A9406C4A2824DFA7000D29DD /* Debug */,
				A9406C4B2824DFA7000D29DD /* Release */,
			);
			defaultConfigurationIsVisible = 0;
			defaultConfigurationName = Release;
		};
		A942F75E282A0A6D0011DAF6 /* Build configuration list for PBXNativeTarget "CaesarCode" */ = {
			isa = XCConfigurationList;
			buildConfigurations = (
				A942F75C282A0A6D0011DAF6 /* Debug */,
				A942F75D282A0A6D0011DAF6 /* Release */,
			);
			defaultConfigurationIsVisible = 0;
			defaultConfigurationName = Release;
		};
		A952C43F2827D24500FB1308 /* Build configuration list for PBXNativeTarget "FindForKim" */ = {
			isa = XCConfigurationList;
			buildConfigurations = (
				A952C43D2827D24500FB1308 /* Debug */,
				A952C43E2827D24500FB1308 /* Release */,
			);
			defaultConfigurationIsVisible = 0;
			defaultConfigurationName = Release;
		};
		A952C4482827D45A00FB1308 /* Build configuration list for PBXNativeTarget "SumOfPositionalNumber" */ = {
			isa = XCConfigurationList;
			buildConfigurations = (
				A952C4492827D45A00FB1308 /* Debug */,
				A952C44A2827D45A00FB1308 /* Release */,
			);
			defaultConfigurationIsVisible = 0;
			defaultConfigurationName = Release;
		};
		A952C4532827DE2C00FB1308 /* Build configuration list for PBXNativeTarget "IntegerDescendingSort" */ = {
			isa = XCConfigurationList;
			buildConfigurations = (
				A952C4542827DE2C00FB1308 /* Debug */,
				A952C4552827DE2C00FB1308 /* Release */,
			);
			defaultConfigurationIsVisible = 0;
			defaultConfigurationName = Release;
		};
		A95650E8281FFD1C00F7FECA /* Build configuration list for PBXNativeTarget "FindTheNumberRemaining 1" */ = {
			isa = XCConfigurationList;
			buildConfigurations = (
				A95650E6281FFD1C00F7FECA /* Debug */,
				A95650E7281FFD1C00F7FECA /* Release */,
			);
			defaultConfigurationIsVisible = 0;
			defaultConfigurationName = Release;
		};
		A962CA11282223CC00EBB658 /* Build configuration list for PBXNativeTarget "SortStringsInDescendingOrder" */ = {
			isa = XCConfigurationList;
			buildConfigurations = (
				A962CA0F282223CC00EBB658 /* Debug */,
				A962CA10282223CC00EBB658 /* Release */,
			);
			defaultConfigurationIsVisible = 0;
			defaultConfigurationName = Release;
		};
		A972B0AF281BF34D00765E3E /* Build configuration list for PBXProject "programmersAlgorithm" */ = {
			isa = XCConfigurationList;
			buildConfigurations = (
				A972B0B9281BF34D00765E3E /* Debug */,
				A972B0BA281BF34D00765E3E /* Release */,
			);
			defaultConfigurationIsVisible = 0;
			defaultConfigurationName = Release;
		};
		A972B0BB281BF34D00765E3E /* Build configuration list for PBXNativeTarget "programmersAlgorithm" */ = {
			isa = XCConfigurationList;
			buildConfigurations = (
				A972B0BC281BF34D00765E3E /* Debug */,
				A972B0BD281BF34D00765E3E /* Release */,
			);
			defaultConfigurationIsVisible = 0;
			defaultConfigurationName = Release;
		};
		A972B0C6281BF49E00765E3E /* Build configuration list for PBXNativeTarget "FromStringToInt" */ = {
			isa = XCConfigurationList;
			buildConfigurations = (
				A972B0C7281BF49E00765E3E /* Debug */,
				A972B0C8281BF49E00765E3E /* Release */,
			);
			defaultConfigurationIsVisible = 0;
			defaultConfigurationName = Release;
		};
		A972B0E7281BF80A00765E3E /* Build configuration list for PBXNativeTarget "FindPrimeNumbers" */ = {
			isa = XCConfigurationList;
			buildConfigurations = (
				A972B0E8281BF80A00765E3E /* Debug */,
				A972B0E9281BF80A00765E3E /* Release */,
			);
			defaultConfigurationIsVisible = 0;
			defaultConfigurationName = Release;
		};
		A97B344A282F8E44007E9497 /* Build configuration list for PBXNativeTarget "GCDAndLCM" */ = {
			isa = XCConfigurationList;
			buildConfigurations = (
				A97B3448282F8E44007E9497 /* Debug */,
				A97B3449282F8E44007E9497 /* Release */,
			);
			defaultConfigurationIsVisible = 0;
			defaultConfigurationName = Release;
		};
		A990DE6C282611FB00B7BFB6 /* Build configuration list for PBXNativeTarget "RemoveTheSmallestNumber" */ = {
			isa = XCConfigurationList;
			buildConfigurations = (
				A990DE6A282611FB00B7BFB6 /* Debug */,
				A990DE6B282611FB00B7BFB6 /* Release */,
			);
			defaultConfigurationIsVisible = 0;
			defaultConfigurationName = Release;
		};
		A9B9AF0C2823818E00DE7630 /* Build configuration list for PBXNativeTarget "SumOfDivisor" */ = {
			isa = XCConfigurationList;
			buildConfigurations = (
				A9B9AF0A2823818E00DE7630 /* Debug */,
				A9B9AF0B2823818E00DE7630 /* Release */,
			);
			defaultConfigurationIsVisible = 0;
			defaultConfigurationName = Release;
		};
/* End XCConfigurationList section */
	};
	rootObject = A972B0AC281BF34D00765E3E /* Project object */;
}
